// !$*UTF8*$!
{
	archiveVersion = 1;
	classes = {
	};
	objectVersion = 50;
	objects = {

/* Begin PBXBuildFile section */
		B560D8FB260D54F400A7122D /* Hobby.swift in Sources */ = {isa = PBXBuildFile; fileRef = B560D8FA260D54F400A7122D /* Hobby.swift */; };
		B76091322609F694001B9374 /* Festival.swift in Sources */ = {isa = PBXBuildFile; fileRef = B76091312609F694001B9374 /* Festival.swift */; };
		B760913C2609FD36001B9374 /* FestivalDetailView.swift in Sources */ = {isa = PBXBuildFile; fileRef = B760913B2609FD36001B9374 /* FestivalDetailView.swift */; };
		B760913F260A06AA001B9374 /* MenuView.swift in Sources */ = {isa = PBXBuildFile; fileRef = B760913E260A06AA001B9374 /* MenuView.swift */; };
		B7609144260A0A0A001B9374 /* Modifier.swift in Sources */ = {isa = PBXBuildFile; fileRef = B7609143260A0A0A001B9374 /* Modifier.swift */; };
		B7C4B9E6260B841200C9EC36 /* SwiftUIView.swift in Sources */ = {isa = PBXBuildFile; fileRef = B7C4B9E5260B841200C9EC36 /* SwiftUIView.swift */; };
		B7F625C525FA11E1007015B4 /* MobileApp.swift in Sources */ = {isa = PBXBuildFile; fileRef = B7F625C425FA11E1007015B4 /* MobileApp.swift */; };
		B7F625C725FA11E1007015B4 /* ContentView.swift in Sources */ = {isa = PBXBuildFile; fileRef = B7F625C625FA11E1007015B4 /* ContentView.swift */; };
		B7F625C925FA11E2007015B4 /* Assets.xcassets in Resources */ = {isa = PBXBuildFile; fileRef = B7F625C825FA11E2007015B4 /* Assets.xcassets */; };
		B7F625CC25FA11E2007015B4 /* Preview Assets.xcassets in Resources */ = {isa = PBXBuildFile; fileRef = B7F625CB25FA11E2007015B4 /* Preview Assets.xcassets */; };
		B7F625CE25FA11E2007015B4 /* Persistence.swift in Sources */ = {isa = PBXBuildFile; fileRef = B7F625CD25FA11E2007015B4 /* Persistence.swift */; };
		B7F625D125FA11E2007015B4 /* MobileApp.xcdatamodeld in Sources */ = {isa = PBXBuildFile; fileRef = B7F625CF25FA11E2007015B4 /* MobileApp.xcdatamodeld */; };
		B7F625E225FA1C5D007015B4 /* HomeView.swift in Sources */ = {isa = PBXBuildFile; fileRef = B7F625E125FA1C5D007015B4 /* HomeView.swift */; };
		B7F625E525FA1E7F007015B4 /* EditorListView.swift in Sources */ = {isa = PBXBuildFile; fileRef = B7F625E425FA1E7F007015B4 /* EditorListView.swift */; };
		B7F625E825FA1F72007015B4 /* ExhibitorListView.swift in Sources */ = {isa = PBXBuildFile; fileRef = B7F625E725FA1F72007015B4 /* ExhibitorListView.swift */; };
		B7F625F525FA2250007015B4 /* Game.swift in Sources */ = {isa = PBXBuildFile; fileRef = B7F625F425FA2250007015B4 /* Game.swift */; };
		B7F625F825FA2AC3007015B4 /* ExposantEditor.swift in Sources */ = {isa = PBXBuildFile; fileRef = B7F625F725FA2AC3007015B4 /* ExposantEditor.swift */; };
		B7F6260125FA2F2B007015B4 /* GameViewModel.swift in Sources */ = {isa = PBXBuildFile; fileRef = B7F6260025FA2F2B007015B4 /* GameViewModel.swift */; };
		B7F6260425FA34F4007015B4 /* Contact.swift in Sources */ = {isa = PBXBuildFile; fileRef = B7F625FA25FA2D5B007015B4 /* Contact.swift */; };
		B7F6260C25FA3638007015B4 /* GameView.swift in Sources */ = {isa = PBXBuildFile; fileRef = B7F6260B25FA3638007015B4 /* GameView.swift */; };
/* End PBXBuildFile section */

/* Begin PBXFileReference section */
		B560D8FA260D54F400A7122D /* Hobby.swift */ = {isa = PBXFileReference; lastKnownFileType = sourcecode.swift; path = Hobby.swift; sourceTree = "<group>"; };
		B76091312609F694001B9374 /* Festival.swift */ = {isa = PBXFileReference; lastKnownFileType = sourcecode.swift; path = Festival.swift; sourceTree = "<group>"; };
		B760913B2609FD36001B9374 /* FestivalDetailView.swift */ = {isa = PBXFileReference; lastKnownFileType = sourcecode.swift; path = FestivalDetailView.swift; sourceTree = "<group>"; };
		B760913E260A06AA001B9374 /* MenuView.swift */ = {isa = PBXFileReference; lastKnownFileType = sourcecode.swift; path = MenuView.swift; sourceTree = "<group>"; };
		B7609143260A0A0A001B9374 /* Modifier.swift */ = {isa = PBXFileReference; lastKnownFileType = sourcecode.swift; path = Modifier.swift; sourceTree = "<group>"; };
		B7C4B9E5260B841200C9EC36 /* SwiftUIView.swift */ = {isa = PBXFileReference; lastKnownFileType = sourcecode.swift; path = SwiftUIView.swift; sourceTree = "<group>"; };
		B7F625C125FA11E1007015B4 /* MobileApp.app */ = {isa = PBXFileReference; explicitFileType = wrapper.application; includeInIndex = 0; path = MobileApp.app; sourceTree = BUILT_PRODUCTS_DIR; };
		B7F625C425FA11E1007015B4 /* MobileApp.swift */ = {isa = PBXFileReference; lastKnownFileType = sourcecode.swift; path = MobileApp.swift; sourceTree = "<group>"; };
		B7F625C625FA11E1007015B4 /* ContentView.swift */ = {isa = PBXFileReference; lastKnownFileType = sourcecode.swift; path = ContentView.swift; sourceTree = "<group>"; };
		B7F625C825FA11E2007015B4 /* Assets.xcassets */ = {isa = PBXFileReference; lastKnownFileType = folder.assetcatalog; path = Assets.xcassets; sourceTree = "<group>"; };
		B7F625CB25FA11E2007015B4 /* Preview Assets.xcassets */ = {isa = PBXFileReference; lastKnownFileType = folder.assetcatalog; path = "Preview Assets.xcassets"; sourceTree = "<group>"; };
		B7F625CD25FA11E2007015B4 /* Persistence.swift */ = {isa = PBXFileReference; lastKnownFileType = sourcecode.swift; path = Persistence.swift; sourceTree = "<group>"; };
		B7F625D025FA11E2007015B4 /* MobileApp.xcdatamodel */ = {isa = PBXFileReference; lastKnownFileType = wrapper.xcdatamodel; path = MobileApp.xcdatamodel; sourceTree = "<group>"; };
		B7F625D225FA11E2007015B4 /* Info.plist */ = {isa = PBXFileReference; lastKnownFileType = text.plist.xml; path = Info.plist; sourceTree = "<group>"; };
		B7F625E125FA1C5D007015B4 /* HomeView.swift */ = {isa = PBXFileReference; lastKnownFileType = sourcecode.swift; path = HomeView.swift; sourceTree = "<group>"; };
		B7F625E425FA1E7F007015B4 /* EditorListView.swift */ = {isa = PBXFileReference; lastKnownFileType = sourcecode.swift; path = EditorListView.swift; sourceTree = "<group>"; };
		B7F625E725FA1F72007015B4 /* ExhibitorListView.swift */ = {isa = PBXFileReference; lastKnownFileType = sourcecode.swift; path = ExhibitorListView.swift; sourceTree = "<group>"; };
		B7F625F425FA2250007015B4 /* Game.swift */ = {isa = PBXFileReference; lastKnownFileType = sourcecode.swift; path = Game.swift; sourceTree = "<group>"; };
		B7F625F725FA2AC3007015B4 /* ExposantEditor.swift */ = {isa = PBXFileReference; lastKnownFileType = sourcecode.swift; path = ExposantEditor.swift; sourceTree = "<group>"; };
		B7F625FA25FA2D5B007015B4 /* Contact.swift */ = {isa = PBXFileReference; lastKnownFileType = sourcecode.swift; path = Contact.swift; sourceTree = "<group>"; };
		B7F6260025FA2F2B007015B4 /* GameViewModel.swift */ = {isa = PBXFileReference; lastKnownFileType = sourcecode.swift; path = GameViewModel.swift; sourceTree = "<group>"; };
		B7F6260B25FA3638007015B4 /* GameView.swift */ = {isa = PBXFileReference; lastKnownFileType = sourcecode.swift; path = GameView.swift; sourceTree = "<group>"; };
/* End PBXFileReference section */

/* Begin PBXFrameworksBuildPhase section */
		B7F625BE25FA11E1007015B4 /* Frameworks */ = {
			isa = PBXFrameworksBuildPhase;
			buildActionMask = 2147483647;
			files = (
			);
			runOnlyForDeploymentPostprocessing = 0;
		};
/* End PBXFrameworksBuildPhase section */

/* Begin PBXGroup section */
		B76091372609FCA4001B9374 /* GameUI */ = {
			isa = PBXGroup;
			children = (
				B7F6260B25FA3638007015B4 /* GameView.swift */,
			);
			path = GameUI;
			sourceTree = "<group>";
		};
		B76091382609FCC8001B9374 /* EditorUI */ = {
			isa = PBXGroup;
			children = (
				B7F625E425FA1E7F007015B4 /* EditorListView.swift */,
			);
			path = EditorUI;
			sourceTree = "<group>";
		};
		B76091392609FCD4001B9374 /* ExhibitorUI */ = {
			isa = PBXGroup;
			children = (
				B7F625E725FA1F72007015B4 /* ExhibitorListView.swift */,
			);
			path = ExhibitorUI;
			sourceTree = "<group>";
		};
		B760913A2609FCFB001B9374 /* FestivalUI */ = {
			isa = PBXGroup;
			children = (
				B760913B2609FD36001B9374 /* FestivalDetailView.swift */,
				B7C4B9E5260B841200C9EC36 /* SwiftUIView.swift */,
			);
			path = FestivalUI;
			sourceTree = "<group>";
		};
		B7F625B825FA11E1007015B4 = {
			isa = PBXGroup;
			children = (
				B7F625C325FA11E1007015B4 /* MobileApp */,
				B7F625C225FA11E1007015B4 /* Products */,
			);
			sourceTree = "<group>";
		};
		B7F625C225FA11E1007015B4 /* Products */ = {
			isa = PBXGroup;
			children = (
				B7F625C125FA11E1007015B4 /* MobileApp.app */,
			);
			name = Products;
			sourceTree = "<group>";
		};
		B7F625C325FA11E1007015B4 /* MobileApp */ = {
			isa = PBXGroup;
			children = (
				B7F625EC25FA204E007015B4 /* Helper */,
				B7F625DD25FA1B4B007015B4 /* Model */,
				B7F625DC25FA1B40007015B4 /* ViewModel */,
				B7F625DA25FA1B2F007015B4 /* View */,
				B7F625C425FA11E1007015B4 /* MobileApp.swift */,
				B7F625C625FA11E1007015B4 /* ContentView.swift */,
				B7F625C825FA11E2007015B4 /* Assets.xcassets */,
				B7F625CD25FA11E2007015B4 /* Persistence.swift */,
				B7F625D225FA11E2007015B4 /* Info.plist */,
				B7F625CF25FA11E2007015B4 /* MobileApp.xcdatamodeld */,
				B7F625CA25FA11E2007015B4 /* Preview Content */,
			);
			path = MobileApp;
			sourceTree = "<group>";
		};
		B7F625CA25FA11E2007015B4 /* Preview Content */ = {
			isa = PBXGroup;
			children = (
				B7F625CB25FA11E2007015B4 /* Preview Assets.xcassets */,
			);
			path = "Preview Content";
			sourceTree = "<group>";
		};
		B7F625DA25FA1B2F007015B4 /* View */ = {
			isa = PBXGroup;
			children = (
				B760913A2609FCFB001B9374 /* FestivalUI */,
				B76091392609FCD4001B9374 /* ExhibitorUI */,
				B76091382609FCC8001B9374 /* EditorUI */,
				B76091372609FCA4001B9374 /* GameUI */,
				B7F625E125FA1C5D007015B4 /* HomeView.swift */,
				B760913E260A06AA001B9374 /* MenuView.swift */,
				B560D8FA260D54F400A7122D /* Hobby.swift */,
			);
			path = View;
			sourceTree = "<group>";
		};
		B7F625DC25FA1B40007015B4 /* ViewModel */ = {
			isa = PBXGroup;
			children = (
				B7F6260025FA2F2B007015B4 /* GameViewModel.swift */,
			);
			path = ViewModel;
			sourceTree = "<group>";
		};
		B7F625DD25FA1B4B007015B4 /* Model */ = {
			isa = PBXGroup;
			children = (
				B7F625F725FA2AC3007015B4 /* ExposantEditor.swift */,
				B7F625F425FA2250007015B4 /* Game.swift */,
				B7F625FA25FA2D5B007015B4 /* Contact.swift */,
				B76091312609F694001B9374 /* Festival.swift */,
			);
			path = Model;
			sourceTree = "<group>";
		};
		B7F625EC25FA204E007015B4 /* Helper */ = {
			isa = PBXGroup;
			children = (
				B7609143260A0A0A001B9374 /* Modifier.swift */,
			);
			path = Helper;
			sourceTree = "<group>";
		};
/* End PBXGroup section */

/* Begin PBXNativeTarget section */
		B7F625C025FA11E1007015B4 /* MobileApp */ = {
			isa = PBXNativeTarget;
			buildConfigurationList = B7F625D525FA11E2007015B4 /* Build configuration list for PBXNativeTarget "MobileApp" */;
			buildPhases = (
				B7F625BD25FA11E1007015B4 /* Sources */,
				B7F625BE25FA11E1007015B4 /* Frameworks */,
				B7F625BF25FA11E1007015B4 /* Resources */,
			);
			buildRules = (
			);
			dependencies = (
			);
			name = MobileApp;
			productName = MobileApp;
			productReference = B7F625C125FA11E1007015B4 /* MobileApp.app */;
			productType = "com.apple.product-type.application";
		};
/* End PBXNativeTarget section */

/* Begin PBXProject section */
		B7F625B925FA11E1007015B4 /* Project object */ = {
			isa = PBXProject;
			attributes = {
				LastSwiftUpdateCheck = 1240;
				LastUpgradeCheck = 1240;
				TargetAttributes = {
					B7F625C025FA11E1007015B4 = {
						CreatedOnToolsVersion = 12.4;
					};
				};
			};
			buildConfigurationList = B7F625BC25FA11E1007015B4 /* Build configuration list for PBXProject "MobileApp" */;
			compatibilityVersion = "Xcode 9.3";
			developmentRegion = en;
			hasScannedForEncodings = 0;
			knownRegions = (
				en,
				Base,
			);
			mainGroup = B7F625B825FA11E1007015B4;
			productRefGroup = B7F625C225FA11E1007015B4 /* Products */;
			projectDirPath = "";
			projectRoot = "";
			targets = (
				B7F625C025FA11E1007015B4 /* MobileApp */,
			);
		};
/* End PBXProject section */

/* Begin PBXResourcesBuildPhase section */
		B7F625BF25FA11E1007015B4 /* Resources */ = {
			isa = PBXResourcesBuildPhase;
			buildActionMask = 2147483647;
			files = (
				B7F625CC25FA11E2007015B4 /* Preview Assets.xcassets in Resources */,
				B7F625C925FA11E2007015B4 /* Assets.xcassets in Resources */,
			);
			runOnlyForDeploymentPostprocessing = 0;
		};
/* End PBXResourcesBuildPhase section */

/* Begin PBXSourcesBuildPhase section */
		B7F625BD25FA11E1007015B4 /* Sources */ = {
			isa = PBXSourcesBuildPhase;
			buildActionMask = 2147483647;
			files = (
				B7F625CE25FA11E2007015B4 /* Persistence.swift in Sources */,
				B7F625F525FA2250007015B4 /* Game.swift in Sources */,
				B7C4B9E6260B841200C9EC36 /* SwiftUIView.swift in Sources */,
				B7F625F825FA2AC3007015B4 /* ExposantEditor.swift in Sources */,
				B7F6260C25FA3638007015B4 /* GameView.swift in Sources */,
				B7F625C725FA11E1007015B4 /* ContentView.swift in Sources */,
				B760913F260A06AA001B9374 /* MenuView.swift in Sources */,
				B7F6260125FA2F2B007015B4 /* GameViewModel.swift in Sources */,
				B76091322609F694001B9374 /* Festival.swift in Sources */,
				B7609144260A0A0A001B9374 /* Modifier.swift in Sources */,
				B7F6260425FA34F4007015B4 /* Contact.swift in Sources */,
				B7F625E525FA1E7F007015B4 /* EditorListView.swift in Sources */,
				B560D8FB260D54F400A7122D /* Hobby.swift in Sources */,
				B760913C2609FD36001B9374 /* FestivalDetailView.swift in Sources */,
				B7F625E225FA1C5D007015B4 /* HomeView.swift in Sources */,
				B7F625C525FA11E1007015B4 /* MobileApp.swift in Sources */,
				B7F625D125FA11E2007015B4 /* MobileApp.xcdatamodeld in Sources */,
				B7F625E825FA1F72007015B4 /* ExhibitorListView.swift in Sources */,
			);
			runOnlyForDeploymentPostprocessing = 0;
		};
/* End PBXSourcesBuildPhase section */

/* Begin XCBuildConfiguration section */
		B7F625D325FA11E2007015B4 /* Debug */ = {
			isa = XCBuildConfiguration;
			buildSettings = {
				ALWAYS_SEARCH_USER_PATHS = NO;
				CLANG_ANALYZER_NONNULL = YES;
				CLANG_ANALYZER_NUMBER_OBJECT_CONVERSION = YES_AGGRESSIVE;
				CLANG_CXX_LANGUAGE_STANDARD = "gnu++14";
				CLANG_CXX_LIBRARY = "libc++";
				CLANG_ENABLE_MODULES = YES;
				CLANG_ENABLE_OBJC_ARC = YES;
				CLANG_ENABLE_OBJC_WEAK = YES;
				CLANG_WARN_BLOCK_CAPTURE_AUTORELEASING = YES;
				CLANG_WARN_BOOL_CONVERSION = YES;
				CLANG_WARN_COMMA = YES;
				CLANG_WARN_CONSTANT_CONVERSION = YES;
				CLANG_WARN_DEPRECATED_OBJC_IMPLEMENTATIONS = YES;
				CLANG_WARN_DIRECT_OBJC_ISA_USAGE = YES_ERROR;
				CLANG_WARN_DOCUMENTATION_COMMENTS = YES;
				CLANG_WARN_EMPTY_BODY = YES;
				CLANG_WARN_ENUM_CONVERSION = YES;
				CLANG_WARN_INFINITE_RECURSION = YES;
				CLANG_WARN_INT_CONVERSION = YES;
				CLANG_WARN_NON_LITERAL_NULL_CONVERSION = YES;
				CLANG_WARN_OBJC_IMPLICIT_RETAIN_SELF = YES;
				CLANG_WARN_OBJC_LITERAL_CONVERSION = YES;
				CLANG_WARN_OBJC_ROOT_CLASS = YES_ERROR;
				CLANG_WARN_QUOTED_INCLUDE_IN_FRAMEWORK_HEADER = YES;
				CLANG_WARN_RANGE_LOOP_ANALYSIS = YES;
				CLANG_WARN_STRICT_PROTOTYPES = YES;
				CLANG_WARN_SUSPICIOUS_MOVE = YES;
				CLANG_WARN_UNGUARDED_AVAILABILITY = YES_AGGRESSIVE;
				CLANG_WARN_UNREACHABLE_CODE = YES;
				CLANG_WARN__DUPLICATE_METHOD_MATCH = YES;
				COPY_PHASE_STRIP = NO;
				DEBUG_INFORMATION_FORMAT = dwarf;
				ENABLE_STRICT_OBJC_MSGSEND = YES;
				ENABLE_TESTABILITY = YES;
				GCC_C_LANGUAGE_STANDARD = gnu11;
				GCC_DYNAMIC_NO_PIC = NO;
				GCC_NO_COMMON_BLOCKS = YES;
				GCC_OPTIMIZATION_LEVEL = 0;
				GCC_PREPROCESSOR_DEFINITIONS = (
					"DEBUG=1",
					"$(inherited)",
				);
				GCC_WARN_64_TO_32_BIT_CONVERSION = YES;
				GCC_WARN_ABOUT_RETURN_TYPE = YES_ERROR;
				GCC_WARN_UNDECLARED_SELECTOR = YES;
				GCC_WARN_UNINITIALIZED_AUTOS = YES_AGGRESSIVE;
				GCC_WARN_UNUSED_FUNCTION = YES;
				GCC_WARN_UNUSED_VARIABLE = YES;
				IPHONEOS_DEPLOYMENT_TARGET = 14.4;
				MTL_ENABLE_DEBUG_INFO = INCLUDE_SOURCE;
				MTL_FAST_MATH = YES;
				ONLY_ACTIVE_ARCH = YES;
				SDKROOT = iphoneos;
				SWIFT_ACTIVE_COMPILATION_CONDITIONS = DEBUG;
				SWIFT_OPTIMIZATION_LEVEL = "-Onone";
			};
			name = Debug;
		};
		B7F625D425FA11E2007015B4 /* Release */ = {
			isa = XCBuildConfiguration;
			buildSettings = {
				ALWAYS_SEARCH_USER_PATHS = NO;
				CLANG_ANALYZER_NONNULL = YES;
				CLANG_ANALYZER_NUMBER_OBJECT_CONVERSION = YES_AGGRESSIVE;
				CLANG_CXX_LANGUAGE_STANDARD = "gnu++14";
				CLANG_CXX_LIBRARY = "libc++";
				CLANG_ENABLE_MODULES = YES;
				CLANG_ENABLE_OBJC_ARC = YES;
				CLANG_ENABLE_OBJC_WEAK = YES;
				CLANG_WARN_BLOCK_CAPTURE_AUTORELEASING = YES;
				CLANG_WARN_BOOL_CONVERSION = YES;
				CLANG_WARN_COMMA = YES;
				CLANG_WARN_CONSTANT_CONVERSION = YES;
				CLANG_WARN_DEPRECATED_OBJC_IMPLEMENTATIONS = YES;
				CLANG_WARN_DIRECT_OBJC_ISA_USAGE = YES_ERROR;
				CLANG_WARN_DOCUMENTATION_COMMENTS = YES;
				CLANG_WARN_EMPTY_BODY = YES;
				CLANG_WARN_ENUM_CONVERSION = YES;
				CLANG_WARN_INFINITE_RECURSION = YES;
				CLANG_WARN_INT_CONVERSION = YES;
				CLANG_WARN_NON_LITERAL_NULL_CONVERSION = YES;
				CLANG_WARN_OBJC_IMPLICIT_RETAIN_SELF = YES;
				CLANG_WARN_OBJC_LITERAL_CONVERSION = YES;
				CLANG_WARN_OBJC_ROOT_CLASS = YES_ERROR;
				CLANG_WARN_QUOTED_INCLUDE_IN_FRAMEWORK_HEADER = YES;
				CLANG_WARN_RANGE_LOOP_ANALYSIS = YES;
				CLANG_WARN_STRICT_PROTOTYPES = YES;
				CLANG_WARN_SUSPICIOUS_MOVE = YES;
				CLANG_WARN_UNGUARDED_AVAILABILITY = YES_AGGRESSIVE;
				CLANG_WARN_UNREACHABLE_CODE = YES;
				CLANG_WARN__DUPLICATE_METHOD_MATCH = YES;
				COPY_PHASE_STRIP = NO;
				DEBUG_INFORMATION_FORMAT = "dwarf-with-dsym";
				ENABLE_NS_ASSERTIONS = NO;
				ENABLE_STRICT_OBJC_MSGSEND = YES;
				GCC_C_LANGUAGE_STANDARD = gnu11;
				GCC_NO_COMMON_BLOCKS = YES;
				GCC_WARN_64_TO_32_BIT_CONVERSION = YES;
				GCC_WARN_ABOUT_RETURN_TYPE = YES_ERROR;
				GCC_WARN_UNDECLARED_SELECTOR = YES;
				GCC_WARN_UNINITIALIZED_AUTOS = YES_AGGRESSIVE;
				GCC_WARN_UNUSED_FUNCTION = YES;
				GCC_WARN_UNUSED_VARIABLE = YES;
				IPHONEOS_DEPLOYMENT_TARGET = 14.4;
				MTL_ENABLE_DEBUG_INFO = NO;
				MTL_FAST_MATH = YES;
				SDKROOT = iphoneos;
				SWIFT_COMPILATION_MODE = wholemodule;
				SWIFT_OPTIMIZATION_LEVEL = "-O";
				VALIDATE_PRODUCT = YES;
			};
			name = Release;
		};
		B7F625D625FA11E2007015B4 /* Debug */ = {
			isa = XCBuildConfiguration;
			buildSettings = {
				ASSETCATALOG_COMPILER_APPICON_NAME = AppIcon;
				ASSETCATALOG_COMPILER_GLOBAL_ACCENT_COLOR_NAME = AccentColor;
				CODE_SIGN_STYLE = Automatic;
				DEVELOPMENT_ASSET_PATHS = "\"MobileApp/Preview Content\"";
				ENABLE_PREVIEWS = YES;
				INFOPLIST_FILE = MobileApp/Info.plist;
				IPHONEOS_DEPLOYMENT_TARGET = 14.0;
				LD_RUNPATH_SEARCH_PATHS = (
					"$(inherited)",
					"@executable_path/Frameworks",
				);
				PRODUCT_BUNDLE_IDENTIFIER = com.global.MobileApp;
				PRODUCT_NAME = "$(TARGET_NAME)";
				SWIFT_VERSION = 5.0;
				TARGETED_DEVICE_FAMILY = "1,2";
			};
			name = Debug;
		};
		B7F625D725FA11E2007015B4 /* Release */ = {
			isa = XCBuildConfiguration;
			buildSettings = {
				ASSETCATALOG_COMPILER_APPICON_NAME = AppIcon;
				ASSETCATALOG_COMPILER_GLOBAL_ACCENT_COLOR_NAME = AccentColor;
				CODE_SIGN_STYLE = Automatic;
				DEVELOPMENT_ASSET_PATHS = "\"MobileApp/Preview Content\"";
				ENABLE_PREVIEWS = YES;
				INFOPLIST_FILE = MobileApp/Info.plist;
				IPHONEOS_DEPLOYMENT_TARGET = 14.0;
				LD_RUNPATH_SEARCH_PATHS = (
					"$(inherited)",
					"@executable_path/Frameworks",
				);
				PRODUCT_BUNDLE_IDENTIFIER = com.global.MobileApp;
				PRODUCT_NAME = "$(TARGET_NAME)";
				SWIFT_VERSION = 5.0;
				TARGETED_DEVICE_FAMILY = "1,2";
			};
			name = Release;
		};
/* End XCBuildConfiguration section */

/* Begin XCConfigurationList section */
		B7F625BC25FA11E1007015B4 /* Build configuration list for PBXProject "MobileApp" */ = {
			isa = XCConfigurationList;
			buildConfigurations = (
				B7F625D325FA11E2007015B4 /* Debug */,
				B7F625D425FA11E2007015B4 /* Release */,
			);
			defaultConfigurationIsVisible = 0;
			defaultConfigurationName = Release;
		};
		B7F625D525FA11E2007015B4 /* Build configuration list for PBXNativeTarget "MobileApp" */ = {
			isa = XCConfigurationList;
			buildConfigurations = (
				B7F625D625FA11E2007015B4 /* Debug */,
				B7F625D725FA11E2007015B4 /* Release */,
			);
			defaultConfigurationIsVisible = 0;
			defaultConfigurationName = Release;
		};
/* End XCConfigurationList section */

/* Begin XCVersionGroup section */
		B7F625CF25FA11E2007015B4 /* MobileApp.xcdatamodeld */ = {
			isa = XCVersionGroup;
			children = (
				B7F625D025FA11E2007015B4 /* MobileApp.xcdatamodel */,
			);
			currentVersion = B7F625D025FA11E2007015B4 /* MobileApp.xcdatamodel */;
			path = MobileApp.xcdatamodeld;
			sourceTree = "<group>";
			versionGroupType = wrapper.xcdatamodel;
		};
/* End XCVersionGroup section */
	};
	rootObject = B7F625B925FA11E1007015B4 /* Project object */;
}
